
Microsoft Visual Studio Solution File, Format Version 12.00
# Visual Studio Version 17
VisualStudioVersion = 17.5.33530.505
MinimumVisualStudioVersion = 10.0.40219.1
Project("{8BC9CEB8-8B4A-11D0-8D11-00A0C91BC942}") = "josntest", "josntest.vcxproj", "{5C96CD9A-20A4-4F93-BE5D-691D5D3AC8D6}"
EndProject
Global
	GlobalSection(SolutionConfigurationPlatforms) = preSolution
		Debug|x64 = Debug|x64
		Debug|x86 = Debug|x86
		Release|x64 = Release|x64
		Release|x86 = Release|x86
	EndGlobalSection
	GlobalSection(ProjectConfigurationPlatforms) = postSolution
		{5C96CD9A-20A4-4F93-BE5D-691D5D3AC8D6}.Debug|x64.ActiveCfg = Debug|x64
		{5C96CD9A-20A4-4F93-BE5D-691D5D3AC8D6}.Debug|x64.Build.0 = Debug|x64
		{5C96CD9A-20A4-4F93-BE5D-691D5D3AC8D6}.Debug|x86.ActiveCfg = Debug|Win32
		{5C96CD9A-20A4-4F93-BE5D-691D5D3AC8D6}.Debug|x86.Build.0 = Debug|Win32
		{5C96CD9A-20A4-4F93-BE5D-691D5D3AC8D6}.Release|x64.ActiveCfg = Release|x64
		{5C96CD9A-20A4-4F93-BE5D-691D5D3AC8D6}.Release|x64.Build.0 = Release|x64
		{5C96CD9A-20A4-4F93-BE5D-691D5D3AC8D6}.Release|x86.ActiveCfg = Release|Win32
		{5C96CD9A-20A4-4F93-BE5D-691D5D3AC8D6}.Release|x86.Build.0 = Release|Win32
	EndGlobalSection
	GlobalSection(SolutionProperties) = preSolution
		HideSolutionNode = FALSE
	EndGlobalSection
	GlobalSection(ExtensibilityGlobals) = postSolution
		SolutionGuid = {08083109-D0C1-49B5-9E5C-5FE02A865B5E}
	EndGlobalSection
EndGlobal
